# THIS IS AN AUTOGENERATED FILE. DO NOT EDIT THIS FILE DIRECTLY.
# yarn lockfile v1


"@hapi/address@^2.1.2":
  version "2.1.4"
  resolved "https://upsidetravel.jfrog.io/upsidetravel/api/npm/npm-virtual/@hapi/address/-/address-2.1.4.tgz#5d67ed43f3fd41a69d4b9ff7b56e7c0d1d0a81e5"
  integrity sha1-XWftQ/P9QaadS5/3tW58DR0KgeU=

"@hapi/formula@^1.2.0":
  version "1.2.0"
  resolved "https://upsidetravel.jfrog.io/upsidetravel/api/npm/npm-virtual/@hapi/formula/-/formula-1.2.0.tgz#994649c7fea1a90b91a0a1e6d983523f680e10cd"
  integrity sha1-mUZJx/6hqQuRoKHm2YNSP2gOEM0=

"@hapi/hoek@^8.2.4", "@hapi/hoek@^8.3.0":
  version "8.5.1"
  resolved "https://upsidetravel.jfrog.io/upsidetravel/api/npm/npm-virtual/@hapi/hoek/-/hoek-8.5.1.tgz#fde96064ca446dec8c55a8c2f130957b070c6e06"
  integrity sha1-/elgZMpEbeyMVajC8TCVewcMbgY=

"@hapi/joi@^16.1.4":
  version "16.1.8"
  resolved "https://upsidetravel.jfrog.io/upsidetravel/api/npm/npm-virtual/@hapi/joi/-/joi-16.1.8.tgz#84c1f126269489871ad4e2decc786e0adef06839"
  integrity sha1-hMHxJiaUiYca1OLezHhuCt7waDk=
  dependencies:
    "@hapi/address" "^2.1.2"
    "@hapi/formula" "^1.2.0"
    "@hapi/hoek" "^8.2.4"
    "@hapi/pinpoint" "^1.0.2"
    "@hapi/topo" "^3.1.3"

"@hapi/pinpoint@^1.0.2":
  version "1.0.2"
  resolved "https://upsidetravel.jfrog.io/upsidetravel/api/npm/npm-virtual/@hapi/pinpoint/-/pinpoint-1.0.2.tgz#025b7a36dbbf4d35bf1acd071c26b20ef41e0d13"
  integrity sha1-Alt6Ntu/TTW/Gs0HHCayDvQeDRM=

"@hapi/topo@^3.1.3":
  version "3.1.6"
  resolved "https://upsidetravel.jfrog.io/upsidetravel/api/npm/npm-virtual/@hapi/topo/-/topo-3.1.6.tgz#68d935fa3eae7fdd5ab0d7f953f3205d8b2bfc29"
  integrity sha1-aNk1+j6uf91asNf5U/MgXYsr/Ck=
  dependencies:
    "@hapi/hoek" "^8.3.0"

"@types/node@^13.13.52":
  version "13.13.52"
  resolved "https://registry.yarnpkg.com/@types/node/-/node-13.13.52.tgz#03c13be70b9031baaed79481c0c0cfb0045e53f7"
  integrity sha512-s3nugnZumCC//n4moGGe6tkNMyYEdaDBitVjwPxXmR5lnMG5dHePinH2EdxkG3Rh1ghFHHixAG4NJhpJW1rthQ==

buffer-alloc-unsafe@^1.1.0:
  version "1.1.0"
  resolved "https://upsidetravel.jfrog.io/upsidetravel/api/npm/npm-virtual/buffer-alloc-unsafe/-/buffer-alloc-unsafe-1.1.0.tgz#bd7dc26ae2972d0eda253be061dba992349c19f0"
  integrity sha1-vX3CauKXLQ7aJTvgYdupkjScGfA=

buffer-alloc@^1.1.0:
  version "1.2.0"
  resolved "https://upsidetravel.jfrog.io/upsidetravel/api/npm/npm-virtual/buffer-alloc/-/buffer-alloc-1.2.0.tgz#890dd90d923a873e08e10e5fd51a57e5b7cce0ec"
  integrity sha1-iQ3ZDZI6hz4I4Q5f1RpX5bfM4Ow=
  dependencies:
    buffer-alloc-unsafe "^1.1.0"
    buffer-fill "^1.0.0"

buffer-fill@^1.0.0:
  version "1.0.0"
  resolved "https://upsidetravel.jfrog.io/upsidetravel/api/npm/npm-virtual/buffer-fill/-/buffer-fill-1.0.0.tgz#f8f78b76789888ef39f205cd637f68e702122b2c"
  integrity sha1-+PeLdniYiO858gXNY39o5wISKyw=

buffer-from@^1.0.0:
  version "1.1.1"
  resolved "https://upsidetravel.jfrog.io/upsidetravel/api/npm/npm-virtual/buffer-from/-/buffer-from-1.1.1.tgz#32713bc028f75c02fdb710d7c7bcec1f2c6070ef"
  integrity sha1-MnE7wCj3XAL9txDXx7zsHyxgcO8=

core-util-is@~1.0.0:
  version "1.0.2"
  resolved "https://upsidetravel.jfrog.io/upsidetravel/api/npm/npm-virtual/core-util-is/-/core-util-is-1.0.2.tgz#b5fd54220aa2bc5ab57aab7140c940754503c1a7"
  integrity sha1-tf1UIgqivFq1eqtxQMlAdUUDwac=

csv-parser@^2.3.2:
  version "2.3.2"
  resolved "https://upsidetravel.jfrog.io/upsidetravel/api/npm/npm-virtual/csv-parser/-/csv-parser-2.3.2.tgz#3a4146abb9a0be7c3cbcae9c289f0a7e622dc07b"
  integrity sha1-OkFGq7mgvnw8vK6cKJ8KfmItwHs=
  dependencies:
    "@hapi/joi" "^16.1.4"
    buffer-alloc "^1.1.0"
    buffer-from "^1.0.0"
    generate-object-property "^1.0.0"
    minimist "^1.2.0"
    ndjson "^1.4.0"

generate-object-property@^1.0.0:
  version "1.2.0"
  resolved "https://upsidetravel.jfrog.io/upsidetravel/api/npm/npm-virtual/generate-object-property/-/generate-object-property-1.2.0.tgz#9c0e1c40308ce804f4783618b937fa88f99d50d0"
  integrity sha1-nA4cQDCM6AT0eDYYuTf6iPmdUNA=
  dependencies:
    is-property "^1.0.0"

inherits@~2.0.3:
  version "2.0.4"
  resolved "https://upsidetravel.jfrog.io/upsidetravel/api/npm/npm-virtual/inherits/-/inherits-2.0.4.tgz#0fa2c64f932917c3433a0ded55363aae37416b7c"
  integrity sha1-D6LGT5MpF8NDOg3tVTY6rjdBa3w=

is-property@^1.0.0:
  version "1.0.2"
  resolved "https://upsidetravel.jfrog.io/upsidetravel/api/npm/npm-virtual/is-property/-/is-property-1.0.2.tgz#57fe1c4e48474edd65b09911f26b1cd4095dda84"
  integrity sha1-V/4cTkhHTt1lsJkR8msc1Ald2oQ=

isarray@~1.0.0:
  version "1.0.0"
  resolved "https://upsidetravel.jfrog.io/upsidetravel/api/npm/npm-virtual/isarray/-/isarray-1.0.0.tgz#bb935d48582cba168c06834957a54a3e07124f11"
  integrity sha1-u5NdSFgsuhaMBoNJV6VKPgcSTxE=

json-stringify-safe@^5.0.1:
  version "5.0.1"
  resolved "https://upsidetravel.jfrog.io/upsidetravel/api/npm/npm-virtual/json-stringify-safe/-/json-stringify-safe-5.0.1.tgz#1296a2d58fd45f19a0f6ce01d65701e2c735b6eb"
  integrity sha1-Epai1Y/UXxmg9s4B1lcB4sc1tus=

minimist@^1.2.0:
  version "1.2.5"
  resolved "https://registry.yarnpkg.com/minimist/-/minimist-1.2.5.tgz#67d66014b66a6a8aaa0c083c5fd58df4e4e97602"
  integrity sha512-FM9nNUYrRBAELZQT3xeZQ7fmMOBg6nWNmJKTcgsJeaLstP/UODVpGsr5OhXhhXg6f+qtJ8uiZ+PUxkDWcgIXLw==

moment@^2.24.0:
  version "2.24.0"
  resolved "https://upsidetravel.jfrog.io/upsidetravel/api/npm/npm-virtual/moment/-/moment-2.24.0.tgz#0d055d53f5052aa653c9f6eb68bb5d12bf5c2b5b"
  integrity sha1-DQVdU/UFKqZTyfbraLtdEr9cK1s=

ndjson@^1.4.0:
  version "1.5.0"
  resolved "https://upsidetravel.jfrog.io/upsidetravel/api/npm/npm-virtual/ndjson/-/ndjson-1.5.0.tgz#ae603b36b134bcec347b452422b0bf98d5832ec8"
  integrity sha1-rmA7NrE0vOw0e0UkIrC/mNWDLsg=
  dependencies:
    json-stringify-safe "^5.0.1"
    minimist "^1.2.0"
    split2 "^2.1.0"
    through2 "^2.0.3"

process-nextick-args@~2.0.0:
  version "2.0.1"
  resolved "https://upsidetravel.jfrog.io/upsidetravel/api/npm/npm-virtual/process-nextick-args/-/process-nextick-args-2.0.1.tgz#7820d9b16120cc55ca9ae7792680ae7dba6d7fe2"
  integrity sha1-eCDZsWEgzFXKmud5JoCufbptf+I=

readable-stream@~2.3.6:
  version "2.3.7"
  resolved "https://upsidetravel.jfrog.io/upsidetravel/api/npm/npm-virtual/readable-stream/-/readable-stream-2.3.7.tgz#1eca1cf711aef814c04f62252a36a62f6cb23b57"
  integrity sha1-Hsoc9xGu+BTAT2IlKjamL2yyO1c=
  dependencies:
    core-util-is "~1.0.0"
    inherits "~2.0.3"
    isarray "~1.0.0"
    process-nextick-args "~2.0.0"
    safe-buffer "~5.1.1"
    string_decoder "~1.1.1"
    util-deprecate "~1.0.1"

safe-buffer@~5.1.0, safe-buffer@~5.1.1:
  version "5.1.2"
  resolved "https://upsidetravel.jfrog.io/upsidetravel/api/npm/npm-virtual/safe-buffer/-/safe-buffer-5.1.2.tgz#991ec69d296e0313747d59bdfd2b745c35f8828d"
  integrity sha1-mR7GnSluAxN0fVm9/St0XDX4go0=

split2@^2.1.0:
  version "2.2.0"
  resolved "https://upsidetravel.jfrog.io/upsidetravel/api/npm/npm-virtual/split2/-/split2-2.2.0.tgz#186b2575bcf83e85b7d18465756238ee4ee42493"
  integrity sha1-GGsldbz4PoW30YRldWI47k7kJJM=
  dependencies:
    through2 "^2.0.2"

string_decoder@~1.1.1:
  version "1.1.1"
  resolved "https://upsidetravel.jfrog.io/upsidetravel/api/npm/npm-virtual/string_decoder/-/string_decoder-1.1.1.tgz#9cf1611ba62685d7030ae9e4ba34149c3af03fc8"
  integrity sha1-nPFhG6YmhdcDCunkujQUnDrwP8g=
  dependencies:
    safe-buffer "~5.1.0"

through2@^2.0.2, through2@^2.0.3:
  version "2.0.5"
  resolved "https://upsidetravel.jfrog.io/upsidetravel/api/npm/npm-virtual/through2/-/through2-2.0.5.tgz#01c1e39eb31d07cb7d03a96a70823260b23132cd"
  integrity sha1-AcHjnrMdB8t9A6lqcIIyYLIxMs0=
  dependencies:
    readable-stream "~2.3.6"
    xtend "~4.0.1"

typescript@^4.3.2:
  version "4.3.2"
  resolved "https://registry.yarnpkg.com/typescript/-/typescript-4.3.2.tgz#399ab18aac45802d6f2498de5054fcbbe716a805"
  integrity sha512-zZ4hShnmnoVnAHpVHWpTcxdv7dWP60S2FsydQLV8V5PbS3FifjWFFRiHSWpDJahly88PRyV5teTSLoq4eG7mKw==

util-deprecate@~1.0.1:
  version "1.0.2"
  resolved "https://upsidetravel.jfrog.io/upsidetravel/api/npm/npm-virtual/util-deprecate/-/util-deprecate-1.0.2.tgz#450d4dc9fa70de732762fbd2d4a28981419a0ccf"
  integrity sha1-RQ1Nyfpw3nMnYvvS1KKJgUGaDM8=

xtend@~4.0.1:
  version "4.0.2"
  resolved "https://upsidetravel.jfrog.io/upsidetravel/api/npm/npm-virtual/xtend/-/xtend-4.0.2.tgz#bb72779f5fa465186b1f438f674fa347fdb5db54"
  integrity sha1-u3J3n1+kZRhrH0OPZ0+jR/2121Q=
